PODS:
  - CHTCollectionViewWaterfallLayout (0.9.7):
    - CHTCollectionViewWaterfallLayout/ObjC (= 0.9.7)
  - CHTCollectionViewWaterfallLayout/ObjC (0.9.7)
  - Kingfisher (4.10.1)
  - SKPhotoBrowser (6.1.0)

DEPENDENCIES:
  - CHTCollectionViewWaterfallLayout
  - Kingfisher
  - SKPhotoBrowser

SPEC REPOS:
  https://github.com/CocoaPods/Specs.git:
    - CHTCollectionViewWaterfallLayout
    - Kingfisher
    - SKPhotoBrowser

SPEC CHECKSUMS:
  CHTCollectionViewWaterfallLayout: 9d11068fafecac106695bb5a5d6d0f738483b598
  Kingfisher: c148cd7b47ebde9989f6bc7c27dcaa79d81279a0
  SKPhotoBrowser: 343de95d89dc7913763c5dda243cc6e606e4a168

PODFILE CHECKSUM: e267841ebaf11a6f47d4e8aeb6f7bf70ccd97696

COCOAPODS: 1.8.4
